<?xml version="1.0" encoding="utf-8"?>
<Project ToolsVersion="4.0" xmlns="http://schemas.microsoft.com/developer/msbuild/2003">
  <ItemGroup>
    <Filter Include="Source Files">
      <UniqueIdentifier>{4FC737F1-C7A5-4376-A066-2A32D752A2FF}</UniqueIdentifier>
      <Extensions>cpp;c;cc;cxx;def;odl;idl;hpj;bat;asm;asmx</Extensions>
    </Filter>
    <Filter Include="Header Files">
      <UniqueIdentifier>{93995380-89BD-4b04-88EB-625FBE52EBFB}</UniqueIdentifier>
      <Extensions>h;hpp;hxx;hm;inl;inc;xsd</Extensions>
    </Filter>
    <Filter Include="Resource Files">
      <UniqueIdentifier>{67DA6AB6-F800-4c08-8B7A-83BB121AAD01}</UniqueIdentifier>
      <Extensions>rc;ico;cur;bmp;dlg;rc2;rct;bin;rgs;gif;jpg;jpeg;jpe;resx;tiff;tif;png;wav</Extensions>
    </Filter>
    <Filter Include="triangle">
      <UniqueIdentifier>{20ed8a79-6dad-439b-820c-62a85e922198}</UniqueIdentifier>
    </Filter>
  </ItemGroup>
  <ItemGroup>
    <ClCompile Include="src\eihortshader.cpp">
      <Filter>Source Files</Filter>
    </ClCompile>
    <ClCompile Include="src\glshader.cpp">
      <Filter>Source Files</Filter>
    </ClCompile>
    <ClCompile Include="src\lightmodel.cpp">
      <Filter>Source Files</Filter>
    </ClCompile>
    <ClCompile Include="src\luafindfile.cpp">
      <Filter>Source Files</Filter>
    </ClCompile>
    <ClCompile Include="src\luaimage.cpp">
      <Filter>Source Files</Filter>
    </ClCompile>
    <ClCompile Include="src\luanbt.cpp">
      <Filter>Source Files</Filter>
    </ClCompile>
    <ClCompile Include="src\luaui.cpp">
      <Filter>Source Files</Filter>
    </ClCompile>
    <ClCompile Include="src\main.cpp">
      <Filter>Source Files</Filter>
    </ClCompile>
    <ClCompile Include="src\mcbiome.cpp">
      <Filter>Source Files</Filter>
    </ClCompile>
    <ClCompile Include="src\mcblockdesc.cpp">
      <Filter>Source Files</Filter>
    </ClCompile>
    <ClCompile Include="src\mcmap.cpp">
      <Filter>Source Files</Filter>
    </ClCompile>
    <ClCompile Include="src\mcregionmap.cpp">
      <Filter>Source Files</Filter>
    </ClCompile>
    <ClCompile Include="src\nbt.cpp">
      <Filter>Source Files</Filter>
    </ClCompile>
    <ClCompile Include="src\sky.cpp">
      <Filter>Source Files</Filter>
    </ClCompile>
    <ClCompile Include="src\uidrawcontext.cpp">
      <Filter>Source Files</Filter>
    </ClCompile>
    <ClCompile Include="src\unzip.cpp">
      <Filter>Source Files</Filter>
    </ClCompile>
    <ClCompile Include="src\worker.cpp">
      <Filter>Source Files</Filter>
    </ClCompile>
    <ClCompile Include="src\worldqtree.cpp">
      <Filter>Source Files</Filter>
    </ClCompile>
    <ClCompile Include="lib\triangle\triangle.c">
      <Filter>triangle</Filter>
    </ClCompile>
    <ClCompile Include="src\geombase.cpp">
      <Filter>Source Files</Filter>
    </ClCompile>
    <ClCompile Include="src\geomadapter.cpp">
      <Filter>Source Files</Filter>
    </ClCompile>
    <ClCompile Include="src\geomsolid.cpp">
      <Filter>Source Files</Filter>
    </ClCompile>
    <ClCompile Include="src\geomsimple.cpp">
      <Filter>Source Files</Filter>
    </ClCompile>
    <ClCompile Include="src\worldmesh.cpp">
      <Filter>Source Files</Filter>
    </ClCompile>
    <ClCompile Include="src\worldmeshbuilder.cpp">
      <Filter>Source Files</Filter>
    </ClCompile>
    <ClCompile Include="src\json.cpp">
      <Filter>Source Files</Filter>
    </ClCompile>
  </ItemGroup>
  <ItemGroup>
    <ClInclude Include="src\eihortshader.h">
      <Filter>Header Files</Filter>
    </ClInclude>
    <ClInclude Include="src\endian.h">
      <Filter>Header Files</Filter>
    </ClInclude>
    <ClInclude Include="src\findfile.h">
      <Filter>Header Files</Filter>
    </ClInclude>
    <ClInclude Include="src\glshader.h">
      <Filter>Header Files</Filter>
    </ClInclude>
    <ClInclude Include="src\jmath.h">
      <Filter>Header Files</Filter>
    </ClInclude>
    <ClInclude Include="src\lightmodel.h">
      <Filter>Header Files</Filter>
    </ClInclude>
    <ClInclude Include="src\luafindfile.h">
      <Filter>Header Files</Filter>
    </ClInclude>
    <ClInclude Include="src\luaimage.h">
      <Filter>Header Files</Filter>
    </ClInclude>
    <ClInclude Include="src\luanbt.h">
      <Filter>Header Files</Filter>
    </ClInclude>
    <ClInclude Include="src\luaobject.h">
      <Filter>Header Files</Filter>
    </ClInclude>
    <ClInclude Include="src\luaui.h">
      <Filter>Header Files</Filter>
    </ClInclude>
    <ClInclude Include="src\mcbiome.h">
      <Filter>Header Files</Filter>
    </ClInclude>
    <ClInclude Include="src\mcblockdesc.h">
      <Filter>Header Files</Filter>
    </ClInclude>
    <ClInclude Include="src\mcmap.h">
      <Filter>Header Files</Filter>
    </ClInclude>
    <ClInclude Include="src\mcregionmap.h">
      <Filter>Header Files</Filter>
    </ClInclude>
    <ClInclude Include="src\mempool.h">
      <Filter>Header Files</Filter>
    </ClInclude>
    <ClInclude Include="src\nbt.h">
      <Filter>Header Files</Filter>
    </ClInclude>
    <ClInclude Include="src\platform.h">
      <Filter>Header Files</Filter>
    </ClInclude>
    <ClInclude Include="src\sky.h">
      <Filter>Header Files</Filter>
    </ClInclude>
    <ClInclude Include="src\stdint.h">
      <Filter>Header Files</Filter>
    </ClInclude>
    <ClInclude Include="src\uidrawcontext.h">
      <Filter>Header Files</Filter>
    </ClInclude>
    <ClInclude Include="src\unzip.h">
      <Filter>Header Files</Filter>
    </ClInclude>
    <ClInclude Include="src\worker.h">
      <Filter>Header Files</Filter>
    </ClInclude>
    <ClInclude Include="src\worldqtree.h">
      <Filter>Header Files</Filter>
    </ClInclude>
    <ClInclude Include="lib\triangle\triangle.h">
      <Filter>triangle</Filter>
    </ClInclude>
    <ClInclude Include="src\geombase.h">
      <Filter>Header Files</Filter>
    </ClInclude>
    <ClInclude Include="src\geomadapter.h">
      <Filter>Header Files</Filter>
    </ClInclude>
    <ClInclude Include="src\geomsolid.h">
      <Filter>Header Files</Filter>
    </ClInclude>
    <ClInclude Include="src\geomsimple.h">
      <Filter>Header Files</Filter>
    </ClInclude>
    <ClInclude Include="src\worldmesh.h">
      <Filter>Header Files</Filter>
    </ClInclude>
    <ClInclude Include="src\worldmeshbuilder.h">
      <Filter>Header Files</Filter>
    </ClInclude>
    <ClInclude Include="resource.h">
      <Filter>Header Files</Filter>
    </ClInclude>
    <ClInclude Include="src\json.h">
      <Filter>Header Files</Filter>
    </ClInclude>
  </ItemGroup>
  <ItemGroup>
    <None Include="src\unzip.inl">
      <Filter>Resource Files</Filter>
    </None>
  </ItemGroup>
  <ItemGroup>
    <ResourceCompile Include="eihort.rc">
      <Filter>Resource Files</Filter>
    </ResourceCompile>
  </ItemGroup>
  <ItemGroup>
    <Image Include="src\resources\eihort-logo.ico">
      <Filter>Resource Files</Filter>
    </Image>
  </ItemGroup>
</Project>